// !$*UTF8*$!
{
	archiveVersion = 1;
	classes = {
	};
	objectVersion = 56;
	objects = {

/* Begin PBXBuildFile section */
		348CFACD2BDAF6C100CEFBE3 /* AppDelegate.swift in Sources */ = {isa = PBXBuildFile; fileRef = 348CFACC2BDAF6C100CEFBE3 /* AppDelegate.swift */; };
		348CFACF2BDAF6C100CEFBE3 /* SceneDelegate.swift in Sources */ = {isa = PBXBuildFile; fileRef = 348CFACE2BDAF6C100CEFBE3 /* SceneDelegate.swift */; };
		348CFAD12BDAF6C100CEFBE3 /* FirstViewController.swift in Sources */ = {isa = PBXBuildFile; fileRef = 348CFAD02BDAF6C100CEFBE3 /* FirstViewController.swift */; };
		348CFAD42BDAF6C100CEFBE3 /* Base in Resources */ = {isa = PBXBuildFile; fileRef = 348CFAD32BDAF6C100CEFBE3 /* Base */; };
		348CFAD62BDAF6C500CEFBE3 /* Assets.xcassets in Resources */ = {isa = PBXBuildFile; fileRef = 348CFAD52BDAF6C500CEFBE3 /* Assets.xcassets */; };
		348CFAD92BDAF6C500CEFBE3 /* Base in Resources */ = {isa = PBXBuildFile; fileRef = 348CFAD82BDAF6C500CEFBE3 /* Base */; };
		348CFAE42BDAF6C600CEFBE3 /* iKidTests.swift in Sources */ = {isa = PBXBuildFile; fileRef = 348CFAE32BDAF6C600CEFBE3 /* iKidTests.swift */; };
		348CFAEE2BDAF6C600CEFBE3 /* iKidUITests.swift in Sources */ = {isa = PBXBuildFile; fileRef = 348CFAED2BDAF6C600CEFBE3 /* iKidUITests.swift */; };
		348CFAF02BDAF6C600CEFBE3 /* iKidUITestsLaunchTests.swift in Sources */ = {isa = PBXBuildFile; fileRef = 348CFAEF2BDAF6C600CEFBE3 /* iKidUITestsLaunchTests.swift */; };
		34C28AF62BDF5FE10059D544 /* KnockKnockViewController.swift in Sources */ = {isa = PBXBuildFile; fileRef = 34C28AF52BDF5FE10059D544 /* KnockKnockViewController.swift */; };
/* End PBXBuildFile section */

/* Begin PBXContainerItemProxy section */
		348CFAE02BDAF6C600CEFBE3 /* PBXContainerItemProxy */ = {
			isa = PBXContainerItemProxy;
			containerPortal = 348CFAC12BDAF6C100CEFBE3 /* Project object */;
			proxyType = 1;
			remoteGlobalIDString = 348CFAC82BDAF6C100CEFBE3;
			remoteInfo = iKid;
		};
		348CFAEA2BDAF6C600CEFBE3 /* PBXContainerItemProxy */ = {
			isa = PBXContainerItemProxy;
			containerPortal = 348CFAC12BDAF6C100CEFBE3 /* Project object */;
			proxyType = 1;
			remoteGlobalIDString = 348CFAC82BDAF6C100CEFBE3;
			remoteInfo = iKid;
		};
/* End PBXContainerItemProxy section */

/* Begin PBXFileReference section */
		348CFAC92BDAF6C100CEFBE3 /* iKid.app */ = {isa = PBXFileReference; explicitFileType = wrapper.application; includeInIndex = 0; path = iKid.app; sourceTree = BUILT_PRODUCTS_DIR; };
		348CFACC2BDAF6C100CEFBE3 /* AppDelegate.swift */ = {isa = PBXFileReference; lastKnownFileType = sourcecode.swift; path = AppDelegate.swift; sourceTree = "<group>"; };
		348CFACE2BDAF6C100CEFBE3 /* SceneDelegate.swift */ = {isa = PBXFileReference; lastKnownFileType = sourcecode.swift; path = SceneDelegate.swift; sourceTree = "<group>"; };
		348CFAD02BDAF6C100CEFBE3 /* FirstViewController.swift */ = {isa = PBXFileReference; lastKnownFileType = sourcecode.swift; path = FirstViewController.swift; sourceTree = "<group>"; };
		348CFAD32BDAF6C100CEFBE3 /* Base */ = {isa = PBXFileReference; lastKnownFileType = file.storyboard; name = Base; path = Base.lproj/Main.storyboard; sourceTree = "<group>"; };
		348CFAD52BDAF6C500CEFBE3 /* Assets.xcassets */ = {isa = PBXFileReference; lastKnownFileType = folder.assetcatalog; path = Assets.xcassets; sourceTree = "<group>"; };
		348CFAD82BDAF6C500CEFBE3 /* Base */ = {isa = PBXFileReference; lastKnownFileType = file.storyboard; name = Base; path = Base.lproj/LaunchScreen.storyboard; sourceTree = "<group>"; };
		348CFADA2BDAF6C500CEFBE3 /* Info.plist */ = {isa = PBXFileReference; lastKnownFileType = text.plist.xml; path = Info.plist; sourceTree = "<group>"; };
		348CFADF2BDAF6C600CEFBE3 /* iKidTests.xctest */ = {isa = PBXFileReference; explicitFileType = wrapper.cfbundle; includeInIndex = 0; path = iKidTests.xctest; sourceTree = BUILT_PRODUCTS_DIR; };
		348CFAE32BDAF6C600CEFBE3 /* iKidTests.swift */ = {isa = PBXFileReference; lastKnownFileType = sourcecode.swift; path = iKidTests.swift; sourceTree = "<group>"; };
		348CFAE92BDAF6C600CEFBE3 /* iKidUITests.xctest */ = {isa = PBXFileReference; explicitFileType = wrapper.cfbundle; includeInIndex = 0; path = iKidUITests.xctest; sourceTree = BUILT_PRODUCTS_DIR; };
		348CFAED2BDAF6C600CEFBE3 /* iKidUITests.swift */ = {isa = PBXFileReference; lastKnownFileType = sourcecode.swift; path = iKidUITests.swift; sourceTree = "<group>"; };
		348CFAEF2BDAF6C600CEFBE3 /* iKidUITestsLaunchTests.swift */ = {isa = PBXFileReference; lastKnownFileType = sourcecode.swift; path = iKidUITestsLaunchTests.swift; sourceTree = "<group>"; };
		34C28AF52BDF5FE10059D544 /* KnockKnockViewController.swift */ = {isa = PBXFileReference; lastKnownFileType = sourcecode.swift; path = KnockKnockViewController.swift; sourceTree = "<group>"; };
/* End PBXFileReference section */

/* Begin PBXFrameworksBuildPhase section */
		348CFAC62BDAF6C100CEFBE3 /* Frameworks */ = {
			isa = PBXFrameworksBuildPhase;
			buildActionMask = 2147483647;
			files = (
			);
			runOnlyForDeploymentPostprocessing = 0;
		};
		348CFADC2BDAF6C600CEFBE3 /* Frameworks */ = {
			isa = PBXFrameworksBuildPhase;
			buildActionMask = 2147483647;
			files = (
			);
			runOnlyForDeploymentPostprocessing = 0;
		};
		348CFAE62BDAF6C600CEFBE3 /* Frameworks */ = {
			isa = PBXFrameworksBuildPhase;
			buildActionMask = 2147483647;
			files = (
			);
			runOnlyForDeploymentPostprocessing = 0;
		};
/* End PBXFrameworksBuildPhase section */

/* Begin PBXGroup section */
		348CFAC02BDAF6C100CEFBE3 = {
			isa = PBXGroup;
			children = (
				348CFACB2BDAF6C100CEFBE3 /* iKid */,
				348CFAE22BDAF6C600CEFBE3 /* iKidTests */,
				348CFAEC2BDAF6C600CEFBE3 /* iKidUITests */,
				348CFACA2BDAF6C100CEFBE3 /* Products */,
			);
			sourceTree = "<group>";
		};
		348CFACA2BDAF6C100CEFBE3 /* Products */ = {
			isa = PBXGroup;
			children = (
				348CFAC92BDAF6C100CEFBE3 /* iKid.app */,
				348CFADF2BDAF6C600CEFBE3 /* iKidTests.xctest */,
				348CFAE92BDAF6C600CEFBE3 /* iKidUITests.xctest */,
			);
			name = Products;
			sourceTree = "<group>";
		};
		348CFACB2BDAF6C100CEFBE3 /* iKid */ = {
			isa = PBXGroup;
			children = (
				348CFACC2BDAF6C100CEFBE3 /* AppDelegate.swift */,
				348CFACE2BDAF6C100CEFBE3 /* SceneDelegate.swift */,
				348CFAD02BDAF6C100CEFBE3 /* FirstViewController.swift */,
				34C28AF52BDF5FE10059D544 /* KnockKnockViewController.swift */,
				348CFAD22BDAF6C100CEFBE3 /* Main.storyboard */,
				348CFAD52BDAF6C500CEFBE3 /* Assets.xcassets */,
				348CFAD72BDAF6C500CEFBE3 /* LaunchScreen.storyboard */,
				348CFADA2BDAF6C500CEFBE3 /* Info.plist */,
			);
			path = iKid;
			sourceTree = "<group>";
		};
		348CFAE22BDAF6C600CEFBE3 /* iKidTests */ = {
			isa = PBXGroup;
			children = (
				348CFAE32BDAF6C600CEFBE3 /* iKidTests.swift */,
			);
			path = iKidTests;
			sourceTree = "<group>";
		};
		348CFAEC2BDAF6C600CEFBE3 /* iKidUITests */ = {
			isa = PBXGroup;
			children = (
				348CFAED2BDAF6C600CEFBE3 /* iKidUITests.swift */,
				348CFAEF2BDAF6C600CEFBE3 /* iKidUITestsLaunchTests.swift */,
			);
			path = iKidUITests;
			sourceTree = "<group>";
		};
/* End PBXGroup section */

/* Begin PBXNativeTarget section */
		348CFAC82BDAF6C100CEFBE3 /* iKid */ = {
			isa = PBXNativeTarget;
			buildConfigurationList = 348CFAF32BDAF6C600CEFBE3 /* Build configuration list for PBXNativeTarget "iKid" */;
			buildPhases = (
				348CFAC52BDAF6C100CEFBE3 /* Sources */,
				348CFAC62BDAF6C100CEFBE3 /* Frameworks */,
				348CFAC72BDAF6C100CEFBE3 /* Resources */,
			);
			buildRules = (
			);
			dependencies = (
			);
			name = iKid;
			productName = iKid;
			productReference = 348CFAC92BDAF6C100CEFBE3 /* iKid.app */;
			productType = "com.apple.product-type.application";
		};
		348CFADE2BDAF6C600CEFBE3 /* iKidTests */ = {
			isa = PBXNativeTarget;
			buildConfigurationList = 348CFAF62BDAF6C600CEFBE3 /* Build configuration list for PBXNativeTarget "iKidTests" */;
			buildPhases = (
				348CFADB2BDAF6C600CEFBE3 /* Sources */,
				348CFADC2BDAF6C600CEFBE3 /* Frameworks */,
				348CFADD2BDAF6C600CEFBE3 /* Resources */,
			);
			buildRules = (
			);
			dependencies = (
				348CFAE12BDAF6C600CEFBE3 /* PBXTargetDependency */,
			);
			name = iKidTests;
			productName = iKidTests;
			productReference = 348CFADF2BDAF6C600CEFBE3 /* iKidTests.xctest */;
			productType = "com.apple.product-type.bundle.unit-test";
		};
		348CFAE82BDAF6C600CEFBE3 /* iKidUITests */ = {
			isa = PBXNativeTarget;
			buildConfigurationList = 348CFAF92BDAF6C600CEFBE3 /* Build configuration list for PBXNativeTarget "iKidUITests" */;
			buildPhases = (
				348CFAE52BDAF6C600CEFBE3 /* Sources */,
				348CFAE62BDAF6C600CEFBE3 /* Frameworks */,
				348CFAE72BDAF6C600CEFBE3 /* Resources */,
			);
			buildRules = (
			);
			dependencies = (
				348CFAEB2BDAF6C600CEFBE3 /* PBXTargetDependency */,
			);
			name = iKidUITests;
			productName = iKidUITests;
			productReference = 348CFAE92BDAF6C600CEFBE3 /* iKidUITests.xctest */;
			productType = "com.apple.product-type.bundle.ui-testing";
		};
/* End PBXNativeTarget section */

/* Begin PBXProject section */
		348CFAC12BDAF6C100CEFBE3 /* Project object */ = {
			isa = PBXProject;
			attributes = {
				BuildIndependentTargetsInParallel = 1;
				LastSwiftUpdateCheck = 1530;
				LastUpgradeCheck = 1530;
				TargetAttributes = {
					348CFAC82BDAF6C100CEFBE3 = {
						CreatedOnToolsVersion = 15.3;
					};
					348CFADE2BDAF6C600CEFBE3 = {
						CreatedOnToolsVersion = 15.3;
						TestTargetID = 348CFAC82BDAF6C100CEFBE3;
					};
					348CFAE82BDAF6C600CEFBE3 = {
						CreatedOnToolsVersion = 15.3;
						TestTargetID = 348CFAC82BDAF6C100CEFBE3;
					};
				};
			};
			buildConfigurationList = 348CFAC42BDAF6C100CEFBE3 /* Build configuration list for PBXProject "iKid" */;
			compatibilityVersion = "Xcode 14.0";
			developmentRegion = en;
			hasScannedForEncodings = 0;
			knownRegions = (
				en,
				Base,
			);
			mainGroup = 348CFAC02BDAF6C100CEFBE3;
			productRefGroup = 348CFACA2BDAF6C100CEFBE3 /* Products */;
			projectDirPath = "";
			projectRoot = "";
			targets = (
				348CFAC82BDAF6C100CEFBE3 /* iKid */,
				348CFADE2BDAF6C600CEFBE3 /* iKidTests */,
				348CFAE82BDAF6C600CEFBE3 /* iKidUITests */,
			);
		};
/* End PBXProject section */

/* Begin PBXResourcesBuildPhase section */
		348CFAC72BDAF6C100CEFBE3 /* Resources */ = {
			isa = PBXResourcesBuildPhase;
			buildActionMask = 2147483647;
			files = (
				348CFAD62BDAF6C500CEFBE3 /* Assets.xcassets in Resources */,
				348CFAD92BDAF6C500CEFBE3 /* Base in Resources */,
				348CFAD42BDAF6C100CEFBE3 /* Base in Resources */,
			);
			runOnlyForDeploymentPostprocessing = 0;
		};
		348CFADD2BDAF6C600CEFBE3 /* Resources */ = {
			isa = PBXResourcesBuildPhase;
			buildActionMask = 2147483647;
			files = (
			);
			runOnlyForDeploymentPostprocessing = 0;
		};
		348CFAE72BDAF6C600CEFBE3 /* Resources */ = {
			isa = PBXResourcesBuildPhase;
			buildActionMask = 2147483647;
			files = (
			);
			runOnlyForDeploymentPostprocessing = 0;
		};
/* End PBXResourcesBuildPhase section */

/* Begin PBXSourcesBuildPhase section */
		348CFAC52BDAF6C100CEFBE3 /* Sources */ = {
			isa = PBXSourcesBuildPhase;
			buildActionMask = 2147483647;
			files = (
				34C28AF62BDF5FE10059D544 /* KnockKnockViewController.swift in Sources */,
				348CFAD12BDAF6C100CEFBE3 /* FirstViewController.swift in Sources */,
				348CFACD2BDAF6C100CEFBE3 /* AppDelegate.swift in Sources */,
				348CFACF2BDAF6C100CEFBE3 /* SceneDelegate.swift in Sources */,
			);
			runOnlyForDeploymentPostprocessing = 0;
		};
		348CFADB2BDAF6C600CEFBE3 /* Sources */ = {
			isa = PBXSourcesBuildPhase;
			buildActionMask = 2147483647;
			files = (
				348CFAE42BDAF6C600CEFBE3 /* iKidTests.swift in Sources */,
			);
			runOnlyForDeploymentPostprocessing = 0;
		};
		348CFAE52BDAF6C600CEFBE3 /* Sources */ = {
			isa = PBXSourcesBuildPhase;
			buildActionMask = 2147483647;
			files = (
				348CFAEE2BDAF6C600CEFBE3 /* iKidUITests.swift in Sources */,
				348CFAF02BDAF6C600CEFBE3 /* iKidUITestsLaunchTests.swift in Sources */,
			);
			runOnlyForDeploymentPostprocessing = 0;
		};
/* End PBXSourcesBuildPhase section */

/* Begin PBXTargetDependency section */
		348CFAE12BDAF6C600CEFBE3 /* PBXTargetDependency */ = {
			isa = PBXTargetDependency;
			target = 348CFAC82BDAF6C100CEFBE3 /* iKid */;
			targetProxy = 348CFAE02BDAF6C600CEFBE3 /* PBXContainerItemProxy */;
		};
		348CFAEB2BDAF6C600CEFBE3 /* PBXTargetDependency */ = {
			isa = PBXTargetDependency;
			target = 348CFAC82BDAF6C100CEFBE3 /* iKid */;
			targetProxy = 348CFAEA2BDAF6C600CEFBE3 /* PBXContainerItemProxy */;
		};
/* End PBXTargetDependency section */

/* Begin PBXVariantGroup section */
		348CFAD22BDAF6C100CEFBE3 /* Main.storyboard */ = {
			isa = PBXVariantGroup;
			children = (
				348CFAD32BDAF6C100CEFBE3 /* Base */,
			);
			name = Main.storyboard;
			sourceTree = "<group>";
		};
		348CFAD72BDAF6C500CEFBE3 /* LaunchScreen.storyboard */ = {
			isa = PBXVariantGroup;
			children = (
				348CFAD82BDAF6C500CEFBE3 /* Base */,
			);
			name = LaunchScreen.storyboard;
			sourceTree = "<group>";
		};
/* End PBXVariantGroup section */

/* Begin XCBuildConfiguration section */
		348CFAF12BDAF6C600CEFBE3 /* Debug */ = {
			isa = XCBuildConfiguration;
			buildSettings = {
				ALWAYS_SEARCH_USER_PATHS = NO;
				ASSETCATALOG_COMPILER_GENERATE_SWIFT_ASSET_SYMBOL_EXTENSIONS = YES;
				CLANG_ANALYZER_NONNULL = YES;
				CLANG_ANALYZER_NUMBER_OBJECT_CONVERSION = YES_AGGRESSIVE;
				CLANG_CXX_LANGUAGE_STANDARD = "gnu++20";
				CLANG_ENABLE_MODULES = YES;
				CLANG_ENABLE_OBJC_ARC = YES;
				CLANG_ENABLE_OBJC_WEAK = YES;
				CLANG_WARN_BLOCK_CAPTURE_AUTORELEASING = YES;
				CLANG_WARN_BOOL_CONVERSION = YES;
				CLANG_WARN_COMMA = YES;
				CLANG_WARN_CONSTANT_CONVERSION = YES;
				CLANG_WARN_DEPRECATED_OBJC_IMPLEMENTATIONS = YES;
				CLANG_WARN_DIRECT_OBJC_ISA_USAGE = YES_ERROR;
				CLANG_WARN_DOCUMENTATION_COMMENTS = YES;
				CLANG_WARN_EMPTY_BODY = YES;
				CLANG_WARN_ENUM_CONVERSION = YES;
				CLANG_WARN_INFINITE_RECURSION = YES;
				CLANG_WARN_INT_CONVERSION = YES;
				CLANG_WARN_NON_LITERAL_NULL_CONVERSION = YES;
				CLANG_WARN_OBJC_IMPLICIT_RETAIN_SELF = YES;
				CLANG_WARN_OBJC_LITERAL_CONVERSION = YES;
				CLANG_WARN_OBJC_ROOT_CLASS = YES_ERROR;
				CLANG_WARN_QUOTED_INCLUDE_IN_FRAMEWORK_HEADER = YES;
				CLANG_WARN_RANGE_LOOP_ANALYSIS = YES;
				CLANG_WARN_STRICT_PROTOTYPES = YES;
				CLANG_WARN_SUSPICIOUS_MOVE = YES;
				CLANG_WARN_UNGUARDED_AVAILABILITY = YES_AGGRESSIVE;
				CLANG_WARN_UNREACHABLE_CODE = YES;
				CLANG_WARN__DUPLICATE_METHOD_MATCH = YES;
				COPY_PHASE_STRIP = NO;
				DEBUG_INFORMATION_FORMAT = dwarf;
				ENABLE_STRICT_OBJC_MSGSEND = YES;
				ENABLE_TESTABILITY = YES;
				ENABLE_USER_SCRIPT_SANDBOXING = YES;
				GCC_C_LANGUAGE_STANDARD = gnu17;
				GCC_DYNAMIC_NO_PIC = NO;
				GCC_NO_COMMON_BLOCKS = YES;
				GCC_OPTIMIZATION_LEVEL = 0;
				GCC_PREPROCESSOR_DEFINITIONS = (
					"DEBUG=1",
					"$(inherited)",
				);
				GCC_WARN_64_TO_32_BIT_CONVERSION = YES;
				GCC_WARN_ABOUT_RETURN_TYPE = YES_ERROR;
				GCC_WARN_UNDECLARED_SELECTOR = YES;
				GCC_WARN_UNINITIALIZED_AUTOS = YES_AGGRESSIVE;
				GCC_WARN_UNUSED_FUNCTION = YES;
				GCC_WARN_UNUSED_VARIABLE = YES;
				IPHONEOS_DEPLOYMENT_TARGET = 17.4;
				LOCALIZATION_PREFERS_STRING_CATALOGS = YES;
				MTL_ENABLE_DEBUG_INFO = INCLUDE_SOURCE;
				MTL_FAST_MATH = YES;
				ONLY_ACTIVE_ARCH = YES;
				SDKROOT = iphoneos;
				SWIFT_ACTIVE_COMPILATION_CONDITIONS = "DEBUG $(inherited)";
				SWIFT_OPTIMIZATION_LEVEL = "-Onone";
			};
			name = Debug;
		};
		348CFAF22BDAF6C600CEFBE3 /* Release */ = {
			isa = XCBuildConfiguration;
			buildSettings = {
				ALWAYS_SEARCH_USER_PATHS = NO;
				ASSETCATALOG_COMPILER_GENERATE_SWIFT_ASSET_SYMBOL_EXTENSIONS = YES;
				CLANG_ANALYZER_NONNULL = YES;
				CLANG_ANALYZER_NUMBER_OBJECT_CONVERSION = YES_AGGRESSIVE;
				CLANG_CXX_LANGUAGE_STANDARD = "gnu++20";
				CLANG_ENABLE_MODULES = YES;
				CLANG_ENABLE_OBJC_ARC = YES;
				CLANG_ENABLE_OBJC_WEAK = YES;
				CLANG_WARN_BLOCK_CAPTURE_AUTORELEASING = YES;
				CLANG_WARN_BOOL_CONVERSION = YES;
				CLANG_WARN_COMMA = YES;
				CLANG_WARN_CONSTANT_CONVERSION = YES;
				CLANG_WARN_DEPRECATED_OBJC_IMPLEMENTATIONS = YES;
				CLANG_WARN_DIRECT_OBJC_ISA_USAGE = YES_ERROR;
				CLANG_WARN_DOCUMENTATION_COMMENTS = YES;
				CLANG_WARN_EMPTY_BODY = YES;
				CLANG_WARN_ENUM_CONVERSION = YES;
				CLANG_WARN_INFINITE_RECURSION = YES;
				CLANG_WARN_INT_CONVERSION = YES;
				CLANG_WARN_NON_LITERAL_NULL_CONVERSION = YES;
				CLANG_WARN_OBJC_IMPLICIT_RETAIN_SELF = YES;
				CLANG_WARN_OBJC_LITERAL_CONVERSION = YES;
				CLANG_WARN_OBJC_ROOT_CLASS = YES_ERROR;
				CLANG_WARN_QUOTED_INCLUDE_IN_FRAMEWORK_HEADER = YES;
				CLANG_WARN_RANGE_LOOP_ANALYSIS = YES;
				CLANG_WARN_STRICT_PROTOTYPES = YES;
				CLANG_WARN_SUSPICIOUS_MOVE = YES;
				CLANG_WARN_UNGUARDED_AVAILABILITY = YES_AGGRESSIVE;
				CLANG_WARN_UNREACHABLE_CODE = YES;
				CLANG_WARN__DUPLICATE_METHOD_MATCH = YES;
				COPY_PHASE_STRIP = NO;
				DEBUG_INFORMATION_FORMAT = "dwarf-with-dsym";
				ENABLE_NS_ASSERTIONS = NO;
				ENABLE_STRICT_OBJC_MSGSEND = YES;
				ENABLE_USER_SCRIPT_SANDBOXING = YES;
				GCC_C_LANGUAGE_STANDARD = gnu17;
				GCC_NO_COMMON_BLOCKS = YES;
				GCC_WARN_64_TO_32_BIT_CONVERSION = YES;
				GCC_WARN_ABOUT_RETURN_TYPE = YES_ERROR;
				GCC_WARN_UNDECLARED_SELECTOR = YES;
				GCC_WARN_UNINITIALIZED_AUTOS = YES_AGGRESSIVE;
				GCC_WARN_UNUSED_FUNCTION = YES;
				GCC_WARN_UNUSED_VARIABLE = YES;
				IPHONEOS_DEPLOYMENT_TARGET = 17.4;
				LOCALIZATION_PREFERS_STRING_CATALOGS = YES;
				MTL_ENABLE_DEBUG_INFO = NO;
				MTL_FAST_MATH = YES;
				SDKROOT = iphoneos;
				SWIFT_COMPILATION_MODE = wholemodule;
				VALIDATE_PRODUCT = YES;
			};
			name = Release;
		};
		348CFAF42BDAF6C600CEFBE3 /* Debug */ = {
			isa = XCBuildConfiguration;
			buildSettings = {
				ASSETCATALOG_COMPILER_APPICON_NAME = AppIcon;
				ASSETCATALOG_COMPILER_GLOBAL_ACCENT_COLOR_NAME = AccentColor;
				CODE_SIGN_STYLE = Automatic;
				CURRENT_PROJECT_VERSION = 1;
				DEVELOPMENT_TEAM = HL7N9W6PVU;
				GENERATE_INFOPLIST_FILE = YES;
				INFOPLIST_FILE = iKid/Info.plist;
				INFOPLIST_KEY_UIApplicationSupportsIndirectInputEvents = YES;
				INFOPLIST_KEY_UILaunchStoryboardName = LaunchScreen;
				INFOPLIST_KEY_UIMainStoryboardFile = Main;
				INFOPLIST_KEY_UISupportedInterfaceOrientations_iPad = "UIInterfaceOrientationPortrait UIInterfaceOrientationPortraitUpsideDown UIInterfaceOrientationLandscapeLeft UIInterfaceOrientationLandscapeRight";
				INFOPLIST_KEY_UISupportedInterfaceOrientations_iPhone = "UIInterfaceOrientationPortrait UIInterfaceOrientationLandscapeLeft UIInterfaceOrientationLandscapeRight";
				LD_RUNPATH_SEARCH_PATHS = (
					"$(inherited)",
					"@executable_path/Frameworks",
				);
				MARKETING_VERSION = 1.0;
				PRODUCT_BUNDLE_IDENTIFIER = edu.uw.ischool.qbaebler.iKid;
				PRODUCT_NAME = "$(TARGET_NAME)";
				SWIFT_EMIT_LOC_STRINGS = YES;
				SWIFT_VERSION = 5.0;
				TARGETED_DEVICE_FAMILY = "1,2";
			};
			name = Debug;
		};
		348CFAF52BDAF6C600CEFBE3 /* Release */ = {
			isa = XCBuildConfiguration;
			buildSettings = {
				ASSETCATALOG_COMPILER_APPICON_NAME = AppIcon;
				ASSETCATALOG_COMPILER_GLOBAL_ACCENT_COLOR_NAME = AccentColor;
				CODE_SIGN_STYLE = Automatic;
				CURRENT_PROJECT_VERSION = 1;
				DEVELOPMENT_TEAM = HL7N9W6PVU;
				GENERATE_INFOPLIST_FILE = YES;
				INFOPLIST_FILE = iKid/Info.plist;
				INFOPLIST_KEY_UIApplicationSupportsIndirectInputEvents = YES;
				INFOPLIST_KEY_UILaunchStoryboardName = LaunchScreen;
				INFOPLIST_KEY_UIMainStoryboardFile = Main;
				INFOPLIST_KEY_UISupportedInterfaceOrientations_iPad = "UIInterfaceOrientationPortrait UIInterfaceOrientationPortraitUpsideDown UIInterfaceOrientationLandscapeLeft UIInterfaceOrientationLandscapeRight";
				INFOPLIST_KEY_UISupportedInterfaceOrientations_iPhone = "UIInterfaceOrientationPortrait UIInterfaceOrientationLandscapeLeft UIInterfaceOrientationLandscapeRight";
				LD_RUNPATH_SEARCH_PATHS = (
					"$(inherited)",
					"@executable_path/Frameworks",
				);
				MARKETING_VERSION = 1.0;
				PRODUCT_BUNDLE_IDENTIFIER = edu.uw.ischool.qbaebler.iKid;
				PRODUCT_NAME = "$(TARGET_NAME)";
				SWIFT_EMIT_LOC_STRINGS = YES;
				SWIFT_VERSION = 5.0;
				TARGETED_DEVICE_FAMILY = "1,2";
			};
			name = Release;
		};
		348CFAF72BDAF6C600CEFBE3 /* Debug */ = {
			isa = XCBuildConfiguration;
			buildSettings = {
				ALWAYS_EMBED_SWIFT_STANDARD_LIBRARIES = YES;
				BUNDLE_LOADER = "$(TEST_HOST)";
				CODE_SIGN_STYLE = Automatic;
				CURRENT_PROJECT_VERSION = 1;
				DEVELOPMENT_TEAM = HL7N9W6PVU;
				GENERATE_INFOPLIST_FILE = YES;
				IPHONEOS_DEPLOYMENT_TARGET = 17.4;
				MARKETING_VERSION = 1.0;
				PRODUCT_BUNDLE_IDENTIFIER = edu.uw.ischool.qbaebler.iKidTests;
				PRODUCT_NAME = "$(TARGET_NAME)";
				SWIFT_EMIT_LOC_STRINGS = NO;
				SWIFT_VERSION = 5.0;
				TARGETED_DEVICE_FAMILY = "1,2";
				TEST_HOST = "$(BUILT_PRODUCTS_DIR)/iKid.app/$(BUNDLE_EXECUTABLE_FOLDER_PATH)/iKid";
			};
			name = Debug;
		};
		348CFAF82BDAF6C600CEFBE3 /* Release */ = {
			isa = XCBuildConfiguration;
			buildSettings = {
				ALWAYS_EMBED_SWIFT_STANDARD_LIBRARIES = YES;
				BUNDLE_LOADER = "$(TEST_HOST)";
				CODE_SIGN_STYLE = Automatic;
				CURRENT_PROJECT_VERSION = 1;
				DEVELOPMENT_TEAM = HL7N9W6PVU;
				GENERATE_INFOPLIST_FILE = YES;
				IPHONEOS_DEPLOYMENT_TARGET = 17.4;
				MARKETING_VERSION = 1.0;
				PRODUCT_BUNDLE_IDENTIFIER = edu.uw.ischool.qbaebler.iKidTests;
				PRODUCT_NAME = "$(TARGET_NAME)";
				SWIFT_EMIT_LOC_STRINGS = NO;
				SWIFT_VERSION = 5.0;
				TARGETED_DEVICE_FAMILY = "1,2";
				TEST_HOST = "$(BUILT_PRODUCTS_DIR)/iKid.app/$(BUNDLE_EXECUTABLE_FOLDER_PATH)/iKid";
			};
			name = Release;
		};
		348CFAFA2BDAF6C600CEFBE3 /* Debug */ = {
			isa = XCBuildConfiguration;
			buildSettings = {
				ALWAYS_EMBED_SWIFT_STANDARD_LIBRARIES = YES;
				CODE_SIGN_STYLE = Automatic;
				CURRENT_PROJECT_VERSION = 1;
				DEVELOPMENT_TEAM = HL7N9W6PVU;
				GENERATE_INFOPLIST_FILE = YES;
				MARKETING_VERSION = 1.0;
				PRODUCT_BUNDLE_IDENTIFIER = edu.uw.ischool.qbaebler.iKidUITests;
				PRODUCT_NAME = "$(TARGET_NAME)";
				SWIFT_EMIT_LOC_STRINGS = NO;
				SWIFT_VERSION = 5.0;
				TARGETED_DEVICE_FAMILY = "1,2";
				TEST_TARGET_NAME = iKid;
			};
			name = Debug;
		};
		348CFAFB2BDAF6C600CEFBE3 /* Release */ = {
			isa = XCBuildConfiguration;
			buildSettings = {
				ALWAYS_EMBED_SWIFT_STANDARD_LIBRARIES = YES;
				CODE_SIGN_STYLE = Automatic;
				CURRENT_PROJECT_VERSION = 1;
				DEVELOPMENT_TEAM = HL7N9W6PVU;
				GENERATE_INFOPLIST_FILE = YES;
				MARKETING_VERSION = 1.0;
				PRODUCT_BUNDLE_IDENTIFIER = edu.uw.ischool.qbaebler.iKidUITests;
				PRODUCT_NAME = "$(TARGET_NAME)";
				SWIFT_EMIT_LOC_STRINGS = NO;
				SWIFT_VERSION = 5.0;
				TARGETED_DEVICE_FAMILY = "1,2";
				TEST_TARGET_NAME = iKid;
			};
			name = Release;
		};
/* End XCBuildConfiguration section */

/* Begin XCConfigurationList section */
		348CFAC42BDAF6C100CEFBE3 /* Build configuration list for PBXProject "iKid" */ = {
			isa = XCConfigurationList;
			buildConfigurations = (
				348CFAF12BDAF6C600CEFBE3 /* Debug */,
				348CFAF22BDAF6C600CEFBE3 /* Release */,
			);
			defaultConfigurationIsVisible = 0;
			defaultConfigurationName = Release;
		};
		348CFAF32BDAF6C600CEFBE3 /* Build configuration list for PBXNativeTarget "iKid" */ = {
			isa = XCConfigurationList;
			buildConfigurations = (
				348CFAF42BDAF6C600CEFBE3 /* Debug */,
				348CFAF52BDAF6C600CEFBE3 /* Release */,
			);
			defaultConfigurationIsVisible = 0;
			defaultConfigurationName = Release;
		};
		348CFAF62BDAF6C600CEFBE3 /* Build configuration list for PBXNativeTarget "iKidTests" */ = {
			isa = XCConfigurationList;
			buildConfigurations = (
				348CFAF72BDAF6C600CEFBE3 /* Debug */,
				348CFAF82BDAF6C600CEFBE3 /* Release */,
			);
			defaultConfigurationIsVisible = 0;
			defaultConfigurationName = Release;
		};
		348CFAF92BDAF6C600CEFBE3 /* Build configuration list for PBXNativeTarget "iKidUITests" */ = {
			isa = XCConfigurationList;
			buildConfigurations = (
				348CFAFA2BDAF6C600CEFBE3 /* Debug */,
				348CFAFB2BDAF6C600CEFBE3 /* Release */,
			);
			defaultConfigurationIsVisible = 0;
			defaultConfigurationName = Release;
		};
/* End XCConfigurationList section */
	};
	rootObject = 348CFAC12BDAF6C100CEFBE3 /* Project object */;
}
